{
  "name": "fieldservice-pro",
  "lockfileVersion": 3,
  "requires": true,
  "packages": {
    "": {
      "name": "fieldservice-pro",
      "dependencies": {
        "playwright": "^1.58.2"
      },
      "devDependencies": {
        "turbo": "^2.5.0"
      }
    },
    "node_modules/playwright": {
      "version": "1.58.2",
      "resolved": "https://registry.npmjs.org/playwright/-/playwright-1.58.2.tgz",
      "integrity": "sha512-vA30H8Nvkq/cPBnNw4Q8TWz1EJyqgpuinBcHET0YVJVFldr8JDNiU9LaWAE1KqSkRYazuaBhTpB5ZzShOezQ6A==",
      "license": "Apache-2.0",
      "dependencies": {
        "playwright-core": "1.58.2"
      },
      "bin": {
        "playwright": "cli.js"
      },
      "engines": {
        "node": ">=18"
      },
      "optionalDependencies": {
        "fsevents": "2.3.2"
      }
    },
    "node_modules/playwright-core": {
      "version": "1.58.2",
      "resolved": "https://registry.npmjs.org/playwright-core/-/playwright-core-1.58.2.tgz",
      "integrity": "sha512-yZkEtftgwS8CsfYo7nm0KE8jsvm6i/PTgVtB8DL726wNf6H2IMsDuxCpJj59KDaxCtSnrWan2AeDqM7JBaultg==",
      "license": "Apache-2.0",
      "bin": {
        "playwright-core": "cli.js"
      },
      "engines": {
        "node": ">=18"
      }
    },
    "node_modules/playwright/node_modules/fsevents": {
      "version": "2.3.2",
      "resolved": "https://registry.npmjs.org/fsevents/-/fsevents-2.3.2.tgz",
      "integrity": "sha512-xiqMQR4xAeHTuB9uWm+fFRcIOgKBMiOBP+eXiyT7jsgVCq1bkVygt00oASowB7EdtpOHaaPgKt812P9ab+DDKA==",
      "hasInstallScript": true,
      "license": "MIT",
      "optional": true,
      "os": [
        "darwin"
      ],
      "engines": {
        "node": "^8.16.0 || ^10.6.0 || >=11.0.0"
      }
    },
    "node_modules/turbo": {
      "version": "2.8.7",
      "dev": true,
      "license": "MIT",
      "bin": {
        "turbo": "bin/turbo"
      },
      "optionalDependencies": {
        "turbo-darwin-64": "2.8.7",
        "turbo-darwin-arm64": "2.8.7",
        "turbo-linux-64": "2.8.7",
        "turbo-linux-arm64": "2.8.7",
        "turbo-windows-64": "2.8.7",
        "turbo-windows-arm64": "2.8.7"
      }
    },
    "node_modules/turbo-darwin-64": {
      "version": "2.8.7",
      "resolved": "https://registry.npmjs.org/turbo-darwin-64/-/turbo-darwin-64-2.8.7.tgz",
      "integrity": "sha512-Xr4TO/oDDwoozbDtBvunb66g//WK8uHRygl72vUthuwzmiw48pil4IuoG/QbMHd9RE8aBnVmzC0WZEWk/WWt3A==",
      "cpu": [
        "x64"
      ],
      "dev": true,
      "license": "MIT",
      "optional": true,
      "os": [
        "darwin"
      ]
    },
    "node_modules/turbo-darwin-arm64": {
      "version": "2.8.7",
      "cpu": [
        "arm64"
      ],
      "dev": true,
      "license": "MIT",
      "optional": true,
      "os": [
        "darwin"
      ]
    },
    "node_modules/turbo-linux-64": {
      "version": "2.8.7",
      "resolved": "https://registry.npmjs.org/turbo-linux-64/-/turbo-linux-64-2.8.7.tgz",
      "integrity": "sha512-nwfEPAH3m5y/nJeYly3j1YJNYU2EG5+2ysZUxvBNM+VBV2LjQaLxB9CsEIpIOKuWKCjnFHKIADTSDPZ3D12J5Q==",
      "cpu": [
        "x64"
      ],
      "dev": true,
      "license": "MIT",
      "optional": true,
      "os": [
        "linux"
      ]
    },
    "node_modules/turbo-linux-arm64": {
      "version": "2.8.7",
      "resolved": "https://registry.npmjs.org/turbo-linux-arm64/-/turbo-linux-arm64-2.8.7.tgz",
      "integrity": "sha512-mgA/M6xiJzyxtXV70TtWGDPh+I6acOKmeQGtOzbFQZYEf794pu5jax26bCk5skAp1gqZu3vacPr6jhYHoHU9IQ==",
      "cpu": [
        "arm64"
      ],
      "dev": true,
      "license": "MIT",
      "optional": true,
      "os": [
        "linux"
      ]
    },
    "node_modules/turbo-windows-64": {
      "version": "2.8.7",
      "resolved": "https://registry.npmjs.org/turbo-windows-64/-/turbo-windows-64-2.8.7.tgz",
      "integrity": "sha512-sHTYMaXuCcyHnGUQgfUUt7S8407TWoP14zc/4N2tsM0wZNK6V9h4H2t5jQPtqKEb6Fg8313kygdDgEwuM4vsHg==",
      "cpu": [
        "x64"
      ],
      "dev": true,
      "license": "MIT",
      "optional": true,
      "os": [
        "win32"
      ]
    },
    "node_modules/turbo-windows-arm64": {
      "version": "2.8.7",
      "resolved": "https://registry.npmjs.org/turbo-windows-arm64/-/turbo-windows-arm64-2.8.7.tgz",
      "integrity": "sha512-WyGiOI2Zp3AhuzVagzQN+T+iq0fWx0oGxDfAWT3ZiLEd4U0cDUkwUZDKVGb3rKqPjDL6lWnuxKKu73ge5xtovQ==",
      "cpu": [
        "arm64"
      ],
      "dev": true,
      "license": "MIT",
      "optional": true,
      "os": [
        "win32"
      ]
    }
  }
}
